{
  "version": 4,
  "terraform_version": "1.11.1",
  "serial": 54,
  "lineage": "1805aea4-b4c4-70b0-f39f-a7f3a01b5208",
  "outputs": {
    "application_status": {
      "value": {
        "web_server": {
          "port": 80,
          "service": "Nginx Web Server",
          "status": "Will be installed automatically via userdata"
        }
      },
      "type": [
        "object",
        {
          "web_server": [
            "object",
            {
              "port": "number",
              "service": "string",
              "status": "string"
            }
          ]
        }
      ]
    },
    "deployment_info": {
      "value": {
        "deployment_type": "Simple Web Server Architecture",
        "vpc_cidr": "10.1.0.0/16",
        "vpc_id": "c038b9d10481454cb88ba67ca62716a6"
      },
      "type": [
        "object",
        {
          "deployment_type": "string",
          "vpc_cidr": "string",
          "vpc_id": "string"
        }
      ]
    },
    "network_information": {
      "value": {
        "nat_gateway": "Available after deployment",
        "subnet": {
          "cidr": "10.1.1.0/24",
          "hosts": [
            "web (10.1.1.111)"
          ],
          "name": "WebSubnet"
        }
      },
      "type": [
        "object",
        {
          "nat_gateway": "string",
          "subnet": [
            "object",
            {
              "cidr": "string",
              "hosts": [
                "tuple",
                [
                  "string"
                ]
              ],
              "name": "string"
            }
          ]
        }
      ]
    },
    "next_steps": {
      "value": [
        "1. Run 'terraform init' to initialize the configuration",
        "2. Run 'terraform plan' to review the deployment plan",
        "3. Run 'terraform apply' to deploy the infrastructure",
        "4. Wait 5-10 minutes for web server to be automatically installed via userdata script",
        "5. Access web application via: http://[WEB_SERVER_PUBLIC_IP]/",
        "6. SSH to web server using: ssh -i [your-key] rocky@[WEB_SERVER_PUBLIC_IP]",
        "7. Monitor installation logs in /var/log/userdata_web.log on the server"
      ],
      "type": [
        "tuple",
        [
          "string",
          "string",
          "string",
          "string",
          "string",
          "string",
          "string"
        ]
      ]
    },
    "security_information": {
      "value": {
        "firewall_rules": {
          "inbound": [
            "HTTP to web (0.0.0.0/0 -\u003e 10.1.1.111:80)",
            "SSH to web (0.0.0.0/0 -\u003e 10.1.1.111:22)"
          ],
          "outbound": [
            "HTTP/HTTPS from web VM to Internet"
          ]
        },
        "security_groups": [
          "webSG"
        ]
      },
      "type": [
        "object",
        {
          "firewall_rules": [
            "object",
            {
              "inbound": [
                "tuple",
                [
                  "string",
                  "string"
                ]
              ],
              "outbound": [
                "tuple",
                [
                  "string"
                ]
              ]
            }
          ],
          "security_groups": [
            "tuple",
            [
              "string"
            ]
          ]
        }
      ]
    },
    "server_information": {
      "value": {
        "web_server": {
          "access": "SSH via public IP",
          "name": "webvm111r",
          "os": "Rocky Linux 9.4",
          "private_ip": "10.1.1.111",
          "public_ip": "Available after deployment",
          "service_port": 80,
          "status": "Ready to deploy",
          "userdata": "userdata_web.sh"
        }
      },
      "type": [
        "object",
        {
          "web_server": [
            "object",
            {
              "access": "string",
              "name": "string",
              "os": "string",
              "private_ip": "string",
              "public_ip": "string",
              "service_port": "number",
              "status": "string",
              "userdata": "string"
            }
          ]
        }
      ]
    }
  },
  "resources": [
    {
      "mode": "data",
      "type": "samsungcloudplatformv2_firewall_firewalls",
      "name": "fw_igw",
      "provider": "provider[\"registry.terraform.io/samsungsdscloud/samsungcloudplatformv2\"]",
      "instances": [
        {
          "schema_version": 0,
          "attributes": {
            "ids": [
              "c872c2d20c6a4feca9eff3c1912a271c"
            ],
            "name": null,
            "page": null,
            "product_type": [
              "IGW"
            ],
            "size": 1,
            "sort": null,
            "state": null,
            "vpc_name": null
          },
          "sensitive_attributes": []
        }
      ]
    },
    {
      "mode": "data",
      "type": "samsungcloudplatformv2_virtualserver_images",
      "name": "rocky",
      "provider": "provider[\"registry.terraform.io/samsungsdscloud/samsungcloudplatformv2\"]",
      "instances": [
        {
          "schema_version": 0,
          "attributes": {
            "filter": [
              {
                "name": "os_distro",
                "use_regex": false,
                "values": [
                  "rocky"
                ]
              },
              {
                "name": "scp_os_version",
                "use_regex": false,
                "values": [
                  "9.4"
                ]
              }
            ],
            "ids": [
              "99b329ad-14e1-4741-b3ef-2a330ef81074"
            ],
            "name": null,
            "os_distro": "rocky",
            "scp_image_type": null,
            "scp_original_image_type": null,
            "status": "active",
            "visibility": null
          },
          "sensitive_attributes": []
        }
      ]
    },
    {
      "mode": "data",
      "type": "samsungcloudplatformv2_virtualserver_images",
      "name": "windows",
      "provider": "provider[\"registry.terraform.io/samsungsdscloud/samsungcloudplatformv2\"]",
      "instances": [
        {
          "schema_version": 0,
          "attributes": {
            "filter": [
              {
                "name": "os_distro",
                "use_regex": false,
                "values": [
                  "windows"
                ]
              },
              {
                "name": "scp_os_version",
                "use_regex": false,
                "values": [
                  "2022 Std."
                ]
              }
            ],
            "ids": [
              "2c5e1aae-2b33-425a-a6fd-b3056c4e6e1d",
              "1f46ae54-624c-4bbd-af45-889bd3914f95"
            ],
            "name": null,
            "os_distro": "windows",
            "scp_image_type": null,
            "scp_original_image_type": null,
            "status": "active",
            "visibility": null
          },
          "sensitive_attributes": []
        }
      ]
    },
    {
      "mode": "data",
      "type": "samsungcloudplatformv2_virtualserver_keypair",
      "name": "kp",
      "provider": "provider[\"registry.terraform.io/samsungsdscloud/samsungcloudplatformv2\"]",
      "instances": [
        {
          "schema_version": 0,
          "attributes": {
            "filter": [],
            "keypair": {
              "fingerprint": "c8:62:03:e9:41:b3:88:2e:1b:5b:5a:d1:d1:45:3b:b5",
              "name": "mykey",
              "public_key": "ssh-rsa AAAAB3NzaC1yc2EAAAADAQABAAABAQCqOCJKADX3XYiao08lCRamUcLvGaq7lqaCM53nvNFscV+772XWK9HCuIG/si3RZfaBOyeXgoZr8NFySG7ELevXQahsrt1aDIJGbpJSFo3QnyA/JRM7YL0iMAaAFP9uWYm9vIdtKeHbygRxd+6MWLR9jb9EcCwLHSeK3W0bPqOI85j5/SmMhXyXggB7goild/XHxKXT+SRh9Zm/OV8h8+knr5szJUVNlRvshMqJvnD3O+TyuCoAfwIJrqLY8j01LYJd2YuZvzTvSZEUr40+OTSTvT8K7Zf7SQzQwKrwPThibJUFUWhdmVVt5jw0PMh9lexocsoXz9+Gsm3X4ZE3TpOR Generated-by-SCP",
              "type": "ssh"
            },
            "name": "mykey"
          },
          "sensitive_attributes": []
        }
      ]
    },
    {
      "mode": "managed",
      "type": "samsungcloudplatformv2_firewall_firewall_rule",
      "name": "web_http_in_fw",
      "provider": "provider[\"registry.terraform.io/samsungsdscloud/samsungcloudplatformv2\"]",
      "instances": [
        {
          "schema_version": 0,
          "attributes": {
            "firewall_id": "c872c2d20c6a4feca9eff3c1912a271c",
            "firewall_rule": {
              "action": "ALLOW",
              "created_at": "2025-10-14T05:00:54Z",
              "created_by": "8a2a7ed6cc8045bbb53bbd91c01b592e",
              "description": "HTTP inbound to web server",
              "destination_address": [
                "10.1.1.111"
              ],
              "destination_interface": "IFW2-v1338dn",
              "direction": "INBOUND",
              "firewall_id": "c872c2d20c6a4feca9eff3c1912a271c",
              "id": "ecc36e8ff6ca47719c2f663e7772dbdc",
              "modified_at": "2025-10-14T05:00:54Z",
              "modified_by": "8a2a7ed6cc8045bbb53bbd91c01b592e",
              "name": "ecc36e8ff6ca47719c2f663e7772dbdc",
              "sequence": 300,
              "service": [
                {
                  "service_type": "TCP",
                  "service_value": "80"
                }
              ],
              "source_address": [
                "0.0.0.0/0"
              ],
              "source_interface": "IFW2-v1838up",
              "state": "ACTIVE",
              "status": "ENABLE",
              "vendor_rule_id": "52"
            },
            "firewall_rule_create": {
              "action": "ALLOW",
              "description": "HTTP inbound to web server",
              "destination_address": [
                "10.1.1.111"
              ],
              "direction": "INBOUND",
              "order_direction": null,
              "order_rule_id": null,
              "service": [
                {
                  "service_type": "TCP",
                  "service_value": "80"
                }
              ],
              "source_address": [
                "0.0.0.0/0"
              ],
              "status": "ENABLE"
            },
            "id": "ecc36e8ff6ca47719c2f663e7772dbdc"
          },
          "sensitive_attributes": [],
          "dependencies": [
            "data.samsungcloudplatformv2_firewall_firewalls.fw_igw",
            "samsungcloudplatformv2_firewall_firewall_rule.web_out_fw",
            "samsungcloudplatformv2_firewall_firewall_rule.web_ssh_in_fw",
            "samsungcloudplatformv2_vpc_internet_gateway.igw",
            "samsungcloudplatformv2_vpc_vpc.vpc"
          ]
        }
      ]
    },
    {
      "mode": "managed",
      "type": "samsungcloudplatformv2_firewall_firewall_rule",
      "name": "web_out_fw",
      "provider": "provider[\"registry.terraform.io/samsungsdscloud/samsungcloudplatformv2\"]",
      "instances": [
        {
          "schema_version": 0,
          "attributes": {
            "firewall_id": "c872c2d20c6a4feca9eff3c1912a271c",
            "firewall_rule": {
              "action": "ALLOW",
              "created_at": "2025-10-14T05:00:52Z",
              "created_by": "8a2a7ed6cc8045bbb53bbd91c01b592e",
              "description": "HTTP/HTTPS outbound to Internet",
              "destination_address": [
                "0.0.0.0/0"
              ],
              "destination_interface": "IFW2-v1838up",
              "direction": "OUTBOUND",
              "firewall_id": "c872c2d20c6a4feca9eff3c1912a271c",
              "id": "b7c7b6b1830a4382bef4cf86d581fcfa",
              "modified_at": "2025-10-14T05:00:52Z",
              "modified_by": "8a2a7ed6cc8045bbb53bbd91c01b592e",
              "name": "b7c7b6b1830a4382bef4cf86d581fcfa",
              "sequence": 100,
              "service": [
                {
                  "service_type": "TCP",
                  "service_value": "80"
                },
                {
                  "service_type": "TCP",
                  "service_value": "443"
                }
              ],
              "source_address": [
                "10.1.1.111"
              ],
              "source_interface": "IFW2-v1338dn",
              "state": "ACTIVE",
              "status": "ENABLE",
              "vendor_rule_id": "50"
            },
            "firewall_rule_create": {
              "action": "ALLOW",
              "description": "HTTP/HTTPS outbound to Internet",
              "destination_address": [
                "0.0.0.0/0"
              ],
              "direction": "OUTBOUND",
              "order_direction": null,
              "order_rule_id": null,
              "service": [
                {
                  "service_type": "TCP",
                  "service_value": "80"
                },
                {
                  "service_type": "TCP",
                  "service_value": "443"
                }
              ],
              "source_address": [
                "10.1.1.111"
              ],
              "status": "ENABLE"
            },
            "id": "b7c7b6b1830a4382bef4cf86d581fcfa"
          },
          "sensitive_attributes": [],
          "dependencies": [
            "data.samsungcloudplatformv2_firewall_firewalls.fw_igw",
            "samsungcloudplatformv2_vpc_internet_gateway.igw",
            "samsungcloudplatformv2_vpc_vpc.vpc"
          ]
        }
      ]
    },
    {
      "mode": "managed",
      "type": "samsungcloudplatformv2_firewall_firewall_rule",
      "name": "web_ssh_in_fw",
      "provider": "provider[\"registry.terraform.io/samsungsdscloud/samsungcloudplatformv2\"]",
      "instances": [
        {
          "schema_version": 0,
          "attributes": {
            "firewall_id": "c872c2d20c6a4feca9eff3c1912a271c",
            "firewall_rule": {
              "action": "ALLOW",
              "created_at": "2025-10-14T05:00:53Z",
              "created_by": "8a2a7ed6cc8045bbb53bbd91c01b592e",
              "description": "SSH inbound to web server",
              "destination_address": [
                "10.1.1.111"
              ],
              "destination_interface": "IFW2-v1338dn",
              "direction": "INBOUND",
              "firewall_id": "c872c2d20c6a4feca9eff3c1912a271c",
              "id": "23d74278810043ee9d4fb530b1e0136a",
              "modified_at": "2025-10-14T05:00:53Z",
              "modified_by": "8a2a7ed6cc8045bbb53bbd91c01b592e",
              "name": "23d74278810043ee9d4fb530b1e0136a",
              "sequence": 200,
              "service": [
                {
                  "service_type": "TCP",
                  "service_value": "22"
                }
              ],
              "source_address": [
                "14.39.93.74"
              ],
              "source_interface": "IFW2-v1838up",
              "state": "ACTIVE",
              "status": "ENABLE",
              "vendor_rule_id": "51"
            },
            "firewall_rule_create": {
              "action": "ALLOW",
              "description": "SSH inbound to web server",
              "destination_address": [
                "10.1.1.111"
              ],
              "direction": "INBOUND",
              "order_direction": null,
              "order_rule_id": null,
              "service": [
                {
                  "service_type": "TCP",
                  "service_value": "22"
                }
              ],
              "source_address": [
                "14.39.93.74"
              ],
              "status": "ENABLE"
            },
            "id": "23d74278810043ee9d4fb530b1e0136a"
          },
          "sensitive_attributes": [],
          "dependencies": [
            "data.samsungcloudplatformv2_firewall_firewalls.fw_igw",
            "samsungcloudplatformv2_firewall_firewall_rule.web_out_fw",
            "samsungcloudplatformv2_vpc_internet_gateway.igw",
            "samsungcloudplatformv2_vpc_vpc.vpc"
          ]
        }
      ]
    },
    {
      "mode": "managed",
      "type": "samsungcloudplatformv2_security_group_security_group",
      "name": "web_sg",
      "provider": "provider[\"registry.terraform.io/samsungsdscloud/samsungcloudplatformv2\"]",
      "instances": [
        {
          "schema_version": 0,
          "attributes": {
            "description": null,
            "id": "3be65f90-7276-4624-903f-29ba0809cdb7",
            "loggable": false,
            "name": "webSG",
            "security_group": {
              "account_id": "89097ddf09b84d96af496aded95dac29",
              "created_at": "2025-10-14T05:00:22Z",
              "created_by": "8a2a7ed6cc8045bbb53bbd91c01b592e",
              "description": "",
              "id": "3be65f90-7276-4624-903f-29ba0809cdb7",
              "loggable": false,
              "modified_at": "2025-10-14T05:00:22Z",
              "modified_by": "8a2a7ed6cc8045bbb53bbd91c01b592e",
              "name": "webSG",
              "rule_count": 0,
              "state": "ACTIVE"
            },
            "tags": {
              "createdby": "terraform",
              "name": "advance_lab"
            }
          },
          "sensitive_attributes": []
        }
      ]
    },
    {
      "mode": "managed",
      "type": "samsungcloudplatformv2_security_group_security_group_rule",
      "name": "web_http_in_sg",
      "provider": "provider[\"registry.terraform.io/samsungsdscloud/samsungcloudplatformv2\"]",
      "instances": [
        {
          "schema_version": 0,
          "attributes": {
            "description": "HTTP inbound",
            "direction": "ingress",
            "ethertype": "IPv4",
            "id": "a96828f0-42be-4756-9449-eceff5c973a8",
            "port_range_max": 80,
            "port_range_min": 80,
            "protocol": "tcp",
            "remote_group_id": null,
            "remote_ip_prefix": "0.0.0.0/0",
            "security_group_id": "3be65f90-7276-4624-903f-29ba0809cdb7",
            "security_group_rule": {
              "created_at": "2025-10-14T05:00:26Z",
              "created_by": "8a2a7ed6cc8045bbb53bbd91c01b592e",
              "description": "HTTP inbound",
              "direction": "ingress",
              "ethertype": "IPv4",
              "id": "a96828f0-42be-4756-9449-eceff5c973a8",
              "modified_at": "2025-10-14T05:00:26Z",
              "modified_by": "8a2a7ed6cc8045bbb53bbd91c01b592e",
              "port_range_max": 80,
              "port_range_min": 80,
              "protocol": "tcp",
              "remote_group_id": null,
              "remote_group_name": null,
              "remote_ip_prefix": "0.0.0.0/0",
              "security_group_id": "3be65f90-7276-4624-903f-29ba0809cdb7"
            }
          },
          "sensitive_attributes": [],
          "dependencies": [
            "samsungcloudplatformv2_security_group_security_group.web_sg",
            "samsungcloudplatformv2_security_group_security_group_rule.web_ssh_in_sg"
          ]
        }
      ]
    },
    {
      "mode": "managed",
      "type": "samsungcloudplatformv2_security_group_security_group_rule",
      "name": "web_http_out_sg",
      "provider": "provider[\"registry.terraform.io/samsungsdscloud/samsungcloudplatformv2\"]",
      "instances": [
        {
          "schema_version": 0,
          "attributes": {
            "description": "HTTP outbound to Internet",
            "direction": "egress",
            "ethertype": "IPv4",
            "id": "89d910be-2a1d-44e7-9928-b769871a0c92",
            "port_range_max": 80,
            "port_range_min": 80,
            "protocol": "tcp",
            "remote_group_id": null,
            "remote_ip_prefix": "0.0.0.0/0",
            "security_group_id": "3be65f90-7276-4624-903f-29ba0809cdb7",
            "security_group_rule": {
              "created_at": "2025-10-14T05:00:29Z",
              "created_by": "8a2a7ed6cc8045bbb53bbd91c01b592e",
              "description": "HTTP outbound to Internet",
              "direction": "egress",
              "ethertype": "IPv4",
              "id": "89d910be-2a1d-44e7-9928-b769871a0c92",
              "modified_at": "2025-10-14T05:00:29Z",
              "modified_by": "8a2a7ed6cc8045bbb53bbd91c01b592e",
              "port_range_max": 80,
              "port_range_min": 80,
              "protocol": "tcp",
              "remote_group_id": null,
              "remote_group_name": null,
              "remote_ip_prefix": "0.0.0.0/0",
              "security_group_id": "3be65f90-7276-4624-903f-29ba0809cdb7"
            }
          },
          "sensitive_attributes": [],
          "dependencies": [
            "samsungcloudplatformv2_security_group_security_group.web_sg",
            "samsungcloudplatformv2_security_group_security_group_rule.web_http_in_sg",
            "samsungcloudplatformv2_security_group_security_group_rule.web_ssh_in_sg"
          ]
        }
      ]
    },
    {
      "mode": "managed",
      "type": "samsungcloudplatformv2_security_group_security_group_rule",
      "name": "web_https_out_sg",
      "provider": "provider[\"registry.terraform.io/samsungsdscloud/samsungcloudplatformv2\"]",
      "instances": [
        {
          "schema_version": 0,
          "attributes": {
            "description": "HTTPS outbound to Internet",
            "direction": "egress",
            "ethertype": "IPv4",
            "id": "8144200c-8116-4e55-a0e3-bb66eed4f91e",
            "port_range_max": 443,
            "port_range_min": 443,
            "protocol": "tcp",
            "remote_group_id": null,
            "remote_ip_prefix": "0.0.0.0/0",
            "security_group_id": "3be65f90-7276-4624-903f-29ba0809cdb7",
            "security_group_rule": {
              "created_at": "2025-10-14T05:00:31Z",
              "created_by": "8a2a7ed6cc8045bbb53bbd91c01b592e",
              "description": "HTTPS outbound to Internet",
              "direction": "egress",
              "ethertype": "IPv4",
              "id": "8144200c-8116-4e55-a0e3-bb66eed4f91e",
              "modified_at": "2025-10-14T05:00:31Z",
              "modified_by": "8a2a7ed6cc8045bbb53bbd91c01b592e",
              "port_range_max": 443,
              "port_range_min": 443,
              "protocol": "tcp",
              "remote_group_id": null,
              "remote_group_name": null,
              "remote_ip_prefix": "0.0.0.0/0",
              "security_group_id": "3be65f90-7276-4624-903f-29ba0809cdb7"
            }
          },
          "sensitive_attributes": [],
          "dependencies": [
            "samsungcloudplatformv2_security_group_security_group.web_sg",
            "samsungcloudplatformv2_security_group_security_group_rule.web_http_in_sg",
            "samsungcloudplatformv2_security_group_security_group_rule.web_http_out_sg",
            "samsungcloudplatformv2_security_group_security_group_rule.web_ssh_in_sg"
          ]
        }
      ]
    },
    {
      "mode": "managed",
      "type": "samsungcloudplatformv2_security_group_security_group_rule",
      "name": "web_ssh_in_sg",
      "provider": "provider[\"registry.terraform.io/samsungsdscloud/samsungcloudplatformv2\"]",
      "instances": [
        {
          "schema_version": 0,
          "attributes": {
            "description": "SSH inbound",
            "direction": "ingress",
            "ethertype": "IPv4",
            "id": "90b01f63-1212-47ad-8f04-cd5def605fbb",
            "port_range_max": 22,
            "port_range_min": 22,
            "protocol": "tcp",
            "remote_group_id": null,
            "remote_ip_prefix": "14.39.93.74",
            "security_group_id": "3be65f90-7276-4624-903f-29ba0809cdb7",
            "security_group_rule": {
              "created_at": "2025-10-14T05:00:24Z",
              "created_by": "8a2a7ed6cc8045bbb53bbd91c01b592e",
              "description": "SSH inbound",
              "direction": "ingress",
              "ethertype": "IPv4",
              "id": "90b01f63-1212-47ad-8f04-cd5def605fbb",
              "modified_at": "2025-10-14T05:00:24Z",
              "modified_by": "8a2a7ed6cc8045bbb53bbd91c01b592e",
              "port_range_max": 22,
              "port_range_min": 22,
              "protocol": "tcp",
              "remote_group_id": null,
              "remote_group_name": null,
              "remote_ip_prefix": "14.39.93.74",
              "security_group_id": "3be65f90-7276-4624-903f-29ba0809cdb7"
            }
          },
          "sensitive_attributes": [],
          "dependencies": [
            "samsungcloudplatformv2_security_group_security_group.web_sg"
          ]
        }
      ]
    },
    {
      "mode": "managed",
      "type": "samsungcloudplatformv2_virtualserver_server",
      "name": "vm_web",
      "provider": "provider[\"registry.terraform.io/samsungsdscloud/samsungcloudplatformv2\"]",
      "instances": [
        {
          "schema_version": 0,
          "attributes": {
            "account_id": "89097ddf09b84d96af496aded95dac29",
            "auto_scaling_group_id": null,
            "boot_volume": {
              "delete_on_termination": true,
              "id": "00d5d6cc-8e4e-493a-ac12-660a59806e50",
              "size": 16,
              "type": "SSD"
            },
            "created_at": "2025-10-14T05:02:52Z",
            "created_by": "8a2a7ed6cc8045bbb53bbd91c01b592e",
            "disk_config": "MANUAL",
            "extra_volumes": null,
            "id": "2224347c-5a91-449a-8d09-d5a279cc3755",
            "image_id": "99b329ad-14e1-4741-b3ef-2a330ef81074",
            "keypair_name": "mykey",
            "launch_configuration_id": null,
            "lock": false,
            "metadata": {},
            "modified_at": "2025-10-14T05:03:18Z",
            "name": "webvm111r",
            "networks": {
              "nic0": {
                "fixed_ip": "10.1.1.111",
                "port_id": "17d81822-620e-4271-b4a4-1fbf68eb47f7",
                "public_ip_id": "8c71dc09bc994306adfbea7eef6fa45c",
                "static_nat_id": "497dd3d3e1074aafa3a4ae19eea05d97",
                "subnet_id": "ab3e70aa553f4efbb2524ff70db6a585"
              }
            },
            "planned_compute_os_type": "open_source",
            "product_category": "compute",
            "product_offering": "virtual_server",
            "security_groups": [
              "3be65f90-7276-4624-903f-29ba0809cdb7"
            ],
            "server_group_id": null,
            "server_type_id": "s2v1m2",
            "state": "ACTIVE",
            "tags": {
              "createdby": "terraform",
              "name": "advance_lab"
            },
            "user_data": "IyEvYmluL2Jhc2gKIyBTYW1zdW5nIENsb3VkIFBsYXRmb3JtIHYyIChPcGVuU3RhY2spIC0gVW5pdmVyc2FsIFVzZXJEYXRhIFRlbXBsYXRlCiMgNDVLQiBsaW1pdCBvcHRpbWl6ZWQgZm9yIE9wZW5TdGFjayBjbG91ZC1pbml0CiMKIyBVTklWRVJTQUwgVEVNUExBVEU6IFN1cHBvcnRzIGJvdGggVk0tYmFzZWQgREIgYW5kIERCYWFTIHNjZW5hcmlvcwojIC0gZGF0YWJhc2Vfc2VydmljZTogVXNlcyBWTS1iYXNlZCBQb3N0Z3JlU1FMIChpbmNsdWRlcyBkYl9zZXJ2ZXJfbW9kdWxlLnNoKQojIC0gb2JqZWN0X3N0b3JhZ2U6IFVzZXMgUG9zdGdyZVNRTCBEQmFhUyAoc2tpcHMgREIgc2VydmVyIGluc3RhbGxhdGlvbikKIwojIFRlbXBsYXRlIFZhcmlhYmxlcyAocmVwbGFjZWQgYnkgdXNlcmRhdGFfbWFuYWdlci5wczEpOgojIC0gd2ViOiAid2ViIiwgImFwcCIsIG9yICJkYiIKIyAtIGNlc3ZjLm5ldCwgMTAuMS4xLjExMSwgMTAuMS4yLjEyMSwgMTAuMS4zLjEzMTogTmV0d29yayBjb25maWd1cmF0aW9uCiMgLSBBUFBMSUNBVElPTl9JTlNUQUxMX01PRFVMRTogU2VydmVyLXNwZWNpZmljIGluc3RhbGxhdGlvbiBtb2R1bGUgY29udGVudAojIC0geyJjb25maWdfbWV0YWRhdGEiOnsidGVtcGxhdGVfc291cmNlIjoidmFyaWFibGVzLnRmIiwidmVyc2lvbiI6IjQuMS4wIiwiZGVzY3JpcHRpb24iOiJTYW1zdW5nIENsb3VkIFBsYXRmb3JtIDMtVGllciBBcmNoaXRlY3R1cmUgTWFzdGVyIENvbmZpZ3VyYXRpb24gd2l0aCBEQmFhUyIsImNyZWF0ZWQiOiIyMDI1LTEwLTE0IDEzOjIyOjAxIiwidXNhZ2UiOiJUaGlzIGZpbGUgY29udGFpbnMgYWxsIGVudmlyb25tZW50LXNwZWNpZmljIHNldHRpbmdzIGZvciB0aGUgYXBwbGljYXRpb24gZGVwbG95bWVudCIsImdlbmVyYXRvciI6InZhcmlhYmxlc19tYW5hZ2VyLnBzMSJ9LCJ1c2VyX2lucHV0X3ZhcmlhYmxlcyI6eyJvYmplY3Rfc3RvcmFnZV9hY2Nlc3Nfa2V5X2lkIjoiMGM3NTI3NmI5Njk2NDYzOWE3NzY1NDNlZmYyMmVmZjIiLCJwdWJsaWNfZG9tYWluX25hbWUiOiJjcmVhdGl2ZS1lbmVyZ3kubmV0Iiwia2V5cGFpcl9uYW1lIjoibXlrZXkiLCJvYmplY3Rfc3RvcmFnZV9zZWNyZXRfYWNjZXNzX2tleSI6IjQyNDUyN2E5LWQyMmUtNDMyMS04MDI1LWI4NDQ0ZjgzNzA0OCIsIl9zb3VyY2UiOiJ2YXJpYWJsZXMudGYgVVNFUl9JTlBVVCBjYXRlZ29yeSIsInByaXZhdGVfZG9tYWluX25hbWUiOiJjZXN2Yy5uZXQiLCJvYmplY3Rfc3RvcmFnZV9idWNrZXRfc3RyaW5nIjoiODkwOTdkZGYwOWI4NGQ5NmFmNDk2YWRlZDk1ZGFjMjkiLCJ1c2VyX3B1YmxpY19pcCI6IjE0LjM5LjkzLjc0IiwiX2NvbW1lbnQiOiJWYXJpYWJsZXMgdGhhdCB1c2VycyBpbnB1dCBpbnRlcmFjdGl2ZWx5IGR1cmluZyBkZXBsb3ltZW50In0sImNld2ViX3JlcXVpcmVkX3ZhcmlhYmxlcyI6eyJyb2xsYmFja19lbmFibGVkIjoidHJ1ZSIsImRhdGFiYXNlX2hvc3QiOiJkYi5jZXN2Yy5uZXQiLCJuZ2lueF9wb3J0IjoiODAiLCJfc291cmNlIjoidmFyaWFibGVzLnRmIENFV0VCX1JFUVVJUkVEIGNhdGVnb3J5IiwiYXBwX2xiX3NlcnZpY2VfaXAiOiIxMC4xLjIuMTAwIiwidGltZXpvbmUiOiJBc2lhL1Nlb3VsIiwiZGF0YWJhc2VfcG9ydCI6IjI4NjYiLCJkYl9tYXhfY29ubmVjdGlvbnMiOiIxMDAiLCJkYXRhYmFzZV91c2VyIjoiY2VkYmFkbWluIiwiYXBwX2lwIjoiMTAuMS4yLjEyMSIsIndlYl9sYl9zZXJ2aWNlX2lwIjoiMTAuMS4xLjEwMCIsImdpdF9icmFuY2giOiJtYWluIiwiYXV0b19kZXBsb3ltZW50IjoidHJ1ZSIsImRhdGFiYXNlX25hbWUiOiJjZWRiIiwiZGJfdHlwZSI6InBvc3RncmVzcWwiLCJhcHBfc2VydmVyX3BvcnQiOiIzMDAwIiwiYWRtaW5fZW1haWwiOiJhcnM0bXVuZHVzQGdtYWlsLmNvbSIsImNvbXBhbnlfbmFtZSI6IkNyZWF0aXZlIEVuZXJneSIsImJhY2t1cF9yZXRlbnRpb25fZGF5cyI6IjMwIiwiZGJfaXAiOiIxMC4xLjMuMTMxIiwiYmFzdGlvbl9pcCI6IjEwLjEuMS4xMTAiLCJzZXNzaW9uX3NlY3JldCI6InlvdXItc2VjcmV0LWtleS1jaGFuZ2UtaW4tcHJvZHVjdGlvbiIsIl9jb21tZW50IjoiVmFyaWFibGVzIHJlcXVpcmVkIGJ5IGNld2ViIGFwcGxpY2F0aW9uIGZvciBidXNpbmVzcyBsb2dpYyBhbmQgZnVuY3Rpb25hbGl0eSIsIl9kYXRhYmFzZV9jb25uZWN0aW9uIjp7ImRiX3NzbF9lbmFibGVkIjpmYWxzZSwiZGF0YWJhc2VfcGFzc3dvcmQiOiJjZWRiYWRtaW4xMjMhIiwiZGJfcG9vbF9pZGxlX3RpbWVvdXQiOjMwMDAwLCJkYl9wb29sX21pbiI6MjAsImRiX3Bvb2xfY29ubmVjdGlvbl90aW1lb3V0Ijo2MDAwMCwiZGJfcG9vbF9tYXgiOjEwMH0sIm5vZGVfZW52IjoicHJvZHVjdGlvbiIsIndlYl9pcCI6IjEwLjEuMS4xMTEiLCJnaXRfcmVwb3NpdG9yeSI6Imh0dHBzOi8vZ2l0aHViLmNvbS9TQ1B2Mi9jZXdlYi5naXQiLCJzc2xfZW5hYmxlZCI6ImZhbHNlIn0sIl92YXJpYWJsZV9jbGFzc2lmaWNhdGlvbiI6eyJkZXNjcmlwdGlvbiI6ImNld2ViIGFwcGxpY2F0aW9uIHZhcmlhYmxlIGNsYXNzaWZpY2F0aW9uIHN5c3RlbSIsImNhdGVnb3JpZXMiOnsidXNlcl9pbnB1dCI6IlZhcmlhYmxlcyB0aGF0IHVzZXJzIGlucHV0IGludGVyYWN0aXZlbHkgZHVyaW5nIGRlcGxveW1lbnQiLCJ0ZXJyYWZvcm1faW5mcmEiOiJWYXJpYWJsZXMgdXNlZCBieSB0ZXJyYWZvcm0gZm9yIGluZnJhc3RydWN0dXJlIGRlcGxveW1lbnQiLCJjZXdlYl9yZXF1aXJlZCI6IlZhcmlhYmxlcyByZXF1aXJlZCBieSBjZXdlYiBhcHBsaWNhdGlvbiBmb3IgYnVzaW5lc3MgbG9naWMgYW5kIGRhdGFiYXNlIGNvbm5lY3Rpb25zIn19LCJ0ZXJyYWZvcm1faW5mcmFfdmFyaWFibGVzIjp7ImRiX2lwMiI6IjEwLjEuMy4zMyIsIl9zb3VyY2UiOiJ2YXJpYWJsZXMudGYgVEVSUkFGT1JNX0lORlJBIGNhdGVnb3J5IiwiX2NvbW1lbnQiOiJWYXJpYWJsZXMgdXNlZCBieSB0ZXJyYWZvcm0gZm9yIGluZnJhc3RydWN0dXJlIGRlcGxveW1lbnQifX06IEVudmlyb25tZW50LXNwZWNpZmljIGNvbmZpZ3VyYXRpb24gSlNPTgoKc2V0IC1ldW8gcGlwZWZhaWwKU0VSVkVSX1RZUEU9IndlYiIKTE9HRklMRT0iL3Zhci9sb2cvdXNlcmRhdGFfd2ViLmxvZyIKZXhlYyAxPiA+KHRlZSAtYSAkTE9HRklMRSkgMj4mMQoKZWNobyAiPT09ICR7U0VSVkVSX1RZUEVefSBTZXJ2ZXIgSW5pdDogJChkYXRlKSA9PT0iCgojIE1vZHVsZSAwOiBMb2NhbCBETlMgUmVzb2x1dGlvbgpsb2NhbF9kbnNfc2V0dXAoKSB7CiAgICBlY2hvICJbMC81XSBMb2NhbCBETlMgUmVzb2x1dGlvbiBzZXR1cC4uLiIKICAgIAogICAgIyBEZWZpbmUgZG9tYWluIG1hcHBpbmdzCiAgICBQUklWQVRFX0RPTUFJTj0iY2VzdmMubmV0IgogICAgV0VCX0lQPSIxMC4xLjEuMTExIgogICAgQVBQX0lQPSIxMC4xLjIuMTIxIgogICAgREJfSVA9IjEwLjEuMy4xMzEiCiAgICAKICAgICMgQ3JlYXRlIHRlbXBvcmFyeSBob3N0cyBlbnRyaWVzCiAgICBjYXQgPj4gL2V0Yy9ob3N0cyA8PCBFT0YKCiMgPT09IFNDUHYyIFRlbXBvcmFyeSBETlMgTWFwcGluZ3MgPT09CjEwLjEuMS4xMTEgd3d3LiR7UFJJVkFURV9ET01BSU59CjEwLjEuMi4xMjEgYXBwLiR7UFJJVkFURV9ET01BSU59CjEwLjEuMy4xMzEgZGIuJHtQUklWQVRFX0RPTUFJTn0KIyA9PT0gRW5kIFNDUHYyIE1hcHBpbmdzID09PQpFT0YKICAgIAogICAgZWNobyAi4pyFIExvY2FsIEROUyBtYXBwaW5ncyBhZGRlZCB0byAvZXRjL2hvc3RzIgogICAgZWNobyAiICAgd3d3LiR7UFJJVkFURV9ET01BSU59IC0+IDEwLjEuMS4xMTEiCiAgICBlY2hvICIgICBhcHAuJHtQUklWQVRFX0RPTUFJTn0gLT4gMTAuMS4yLjEyMSIKICAgICMgREIgZW5kcG9pbnQgdHlwZSBkZXRlY3Rpb24KICAgIGlmIFtbICIxMC4xLjMuMTMxIiA9fiBeWzAtOV0rXC5bMC05XStcLlswLTldK1wuWzAtOV0rJCBdXTsgdGhlbgogICAgICAgIGVjaG8gIiAgIGRiLiR7UFJJVkFURV9ET01BSU59IC0+IDEwLjEuMy4xMzEgKFZNLWJhc2VkIERCKSIKICAgIGVsc2UKICAgICAgICBlY2hvICIgICBkYi4ke1BSSVZBVEVfRE9NQUlOfSAtPiAxMC4xLjMuMTMxIChQb3N0Z3JlU1FMIERCYWFTKSIKICAgIGZpCn0KCiMgTW9kdWxlIDE6IFN5c3RlbSBVcGRhdGUgKENvbXBhY3QpCnN5c191cGRhdGUoKSB7CiAgICBlY2hvICJbMS81XSBTeXN0ZW0gdXBkYXRlLi4uIgogICAgdW50aWwgY3VybCAtcyAtLWNvbm5lY3QtdGltZW91dCA1IGh0dHA6Ly93d3cuZ29vZ2xlLmNvbSA+L2Rldi9udWxsIDI+JjE7IGRvIHNsZWVwIDEwOyBkb25lCiAgICBmb3IgaSBpbiB7MS4uM307IGRvIGRuZiBjbGVhbiBhbGwgJiYgZG5mIGluc3RhbGwgLXkgZXBlbC1yZWxlYXNlICYmIGJyZWFrOyBzbGVlcCAzMDsgZG9uZQogICAgZG5mIC15IHVwZGF0ZSB1cGdyYWRlIHx8IHRydWUKICAgIGRuZiBpbnN0YWxsIC15IHdnZXQgY3VybCBnaXQganEgaHRvcCBuZXQtdG9vbHMgY2hyb255IHx8IHRydWUKICAgIAogICAgIyBTYW1zdW5nIFNEUyBDbG91ZCBOVFAgY29uZmlndXJhdGlvbgogICAgZWNobyAic2VydmVyIDE5OC4xOS4wLjU0IGlidXJzdCIgPj4gL2V0Yy9jaHJvbnkuY29uZgogICAgc3lzdGVtY3RsIGVuYWJsZSBjaHJvbnlkICYmIHN5c3RlbWN0bCByZXN0YXJ0IGNocm9ueWQKICAgIGVjaG8gIuKchSBTeXN0ZW0gdXBkYXRlZCB3aXRoIE5UUCIKfQoKIyBNb2R1bGUgMjogUmVwb3NpdG9yeSBDbG9uZQpyZXBvX2Nsb25lKCkgewogICAgZWNobyAiWzIvNV0gUmVwb3NpdG9yeSBjbG9uZS4uLiIKICAgIGlkIHJvY2t5IHx8ICh1c2VyYWRkIC1tIHJvY2t5ICYmIHVzZXJtb2QgLWFHIHdoZWVsIHJvY2t5KQogICAgY2QgL2hvbWUvcm9ja3kKICAgIFsgISAtZCBjZXdlYiBdICYmIHN1ZG8gLXUgcm9ja3kgZ2l0IGNsb25lIGh0dHBzOi8vZ2l0aHViLmNvbS9TQ1B2Mi9jZXdlYi5naXQgfHwgdHJ1ZQogICAgZWNobyAi4pyFIFJlcG9zaXRvcnkgcmVhZHkiCn0KCiMgTW9kdWxlIDM6IENvbmZpZyBJbmplY3Rpb24gKFRlbXBsYXRlIHN1YnN0aXR1dGlvbikKY29uZmlnX2luamVjdCgpIHsKICAgIGVjaG8gIlszLzVdIENvbmZpZyBpbmplY3Rpb24uLi4iCiAgICAjIE1hc3RlciBjb25maWd1cmF0aW9uIEpTT04gd2lsbCBiZSBpbmplY3RlZCBoZXJlIGJ5IHVzZXJkYXRhX21hbmFnZXIucHMxCiAgICAjIFRoaXMgY29udGFpbnMgYWxsIGVudmlyb25tZW50LXNwZWNpZmljIHZhcmlhYmxlcyBpbmNsdWRpbmc6CiAgICAjIC0gSW5mcmFzdHJ1Y3R1cmUgc2V0dGluZ3MgKElQcywgZG9tYWlucywgcG9ydHMpCiAgICAjIC0gRGF0YWJhc2UgY29uZmlndXJhdGlvbiAoVk0tYmFzZWQgb3IgREJhYVMgY29ubmVjdGlvbiBzdHJpbmdzKQogICAgIyAtIE9iamVjdCBzdG9yYWdlIHNldHRpbmdzIChpZiBhcHBsaWNhYmxlKQogICAgIyAtIEFwcGxpY2F0aW9uLXNwZWNpZmljIHBhcmFtZXRlcnMKICAgIGNhdCA+IC9ob21lL3JvY2t5L21hc3Rlcl9jb25maWcuanNvbiA8PCAnQ09ORklHX0VPRicKeyJjb25maWdfbWV0YWRhdGEiOnsidGVtcGxhdGVfc291cmNlIjoidmFyaWFibGVzLnRmIiwidmVyc2lvbiI6IjQuMS4wIiwiZGVzY3JpcHRpb24iOiJTYW1zdW5nIENsb3VkIFBsYXRmb3JtIDMtVGllciBBcmNoaXRlY3R1cmUgTWFzdGVyIENvbmZpZ3VyYXRpb24gd2l0aCBEQmFhUyIsImNyZWF0ZWQiOiIyMDI1LTEwLTE0IDEzOjIyOjAxIiwidXNhZ2UiOiJUaGlzIGZpbGUgY29udGFpbnMgYWxsIGVudmlyb25tZW50LXNwZWNpZmljIHNldHRpbmdzIGZvciB0aGUgYXBwbGljYXRpb24gZGVwbG95bWVudCIsImdlbmVyYXRvciI6InZhcmlhYmxlc19tYW5hZ2VyLnBzMSJ9LCJ1c2VyX2lucHV0X3ZhcmlhYmxlcyI6eyJvYmplY3Rfc3RvcmFnZV9hY2Nlc3Nfa2V5X2lkIjoiMGM3NTI3NmI5Njk2NDYzOWE3NzY1NDNlZmYyMmVmZjIiLCJwdWJsaWNfZG9tYWluX25hbWUiOiJjcmVhdGl2ZS1lbmVyZ3kubmV0Iiwia2V5cGFpcl9uYW1lIjoibXlrZXkiLCJvYmplY3Rfc3RvcmFnZV9zZWNyZXRfYWNjZXNzX2tleSI6IjQyNDUyN2E5LWQyMmUtNDMyMS04MDI1LWI4NDQ0ZjgzNzA0OCIsIl9zb3VyY2UiOiJ2YXJpYWJsZXMudGYgVVNFUl9JTlBVVCBjYXRlZ29yeSIsInByaXZhdGVfZG9tYWluX25hbWUiOiJjZXN2Yy5uZXQiLCJvYmplY3Rfc3RvcmFnZV9idWNrZXRfc3RyaW5nIjoiODkwOTdkZGYwOWI4NGQ5NmFmNDk2YWRlZDk1ZGFjMjkiLCJ1c2VyX3B1YmxpY19pcCI6IjE0LjM5LjkzLjc0IiwiX2NvbW1lbnQiOiJWYXJpYWJsZXMgdGhhdCB1c2VycyBpbnB1dCBpbnRlcmFjdGl2ZWx5IGR1cmluZyBkZXBsb3ltZW50In0sImNld2ViX3JlcXVpcmVkX3ZhcmlhYmxlcyI6eyJyb2xsYmFja19lbmFibGVkIjoidHJ1ZSIsImRhdGFiYXNlX2hvc3QiOiJkYi5jZXN2Yy5uZXQiLCJuZ2lueF9wb3J0IjoiODAiLCJfc291cmNlIjoidmFyaWFibGVzLnRmIENFV0VCX1JFUVVJUkVEIGNhdGVnb3J5IiwiYXBwX2xiX3NlcnZpY2VfaXAiOiIxMC4xLjIuMTAwIiwidGltZXpvbmUiOiJBc2lhL1Nlb3VsIiwiZGF0YWJhc2VfcG9ydCI6IjI4NjYiLCJkYl9tYXhfY29ubmVjdGlvbnMiOiIxMDAiLCJkYXRhYmFzZV91c2VyIjoiY2VkYmFkbWluIiwiYXBwX2lwIjoiMTAuMS4yLjEyMSIsIndlYl9sYl9zZXJ2aWNlX2lwIjoiMTAuMS4xLjEwMCIsImdpdF9icmFuY2giOiJtYWluIiwiYXV0b19kZXBsb3ltZW50IjoidHJ1ZSIsImRhdGFiYXNlX25hbWUiOiJjZWRiIiwiZGJfdHlwZSI6InBvc3RncmVzcWwiLCJhcHBfc2VydmVyX3BvcnQiOiIzMDAwIiwiYWRtaW5fZW1haWwiOiJhcnM0bXVuZHVzQGdtYWlsLmNvbSIsImNvbXBhbnlfbmFtZSI6IkNyZWF0aXZlIEVuZXJneSIsImJhY2t1cF9yZXRlbnRpb25fZGF5cyI6IjMwIiwiZGJfaXAiOiIxMC4xLjMuMTMxIiwiYmFzdGlvbl9pcCI6IjEwLjEuMS4xMTAiLCJzZXNzaW9uX3NlY3JldCI6InlvdXItc2VjcmV0LWtleS1jaGFuZ2UtaW4tcHJvZHVjdGlvbiIsIl9jb21tZW50IjoiVmFyaWFibGVzIHJlcXVpcmVkIGJ5IGNld2ViIGFwcGxpY2F0aW9uIGZvciBidXNpbmVzcyBsb2dpYyBhbmQgZnVuY3Rpb25hbGl0eSIsIl9kYXRhYmFzZV9jb25uZWN0aW9uIjp7ImRiX3NzbF9lbmFibGVkIjpmYWxzZSwiZGF0YWJhc2VfcGFzc3dvcmQiOiJjZWRiYWRtaW4xMjMhIiwiZGJfcG9vbF9pZGxlX3RpbWVvdXQiOjMwMDAwLCJkYl9wb29sX21pbiI6MjAsImRiX3Bvb2xfY29ubmVjdGlvbl90aW1lb3V0Ijo2MDAwMCwiZGJfcG9vbF9tYXgiOjEwMH0sIm5vZGVfZW52IjoicHJvZHVjdGlvbiIsIndlYl9pcCI6IjEwLjEuMS4xMTEiLCJnaXRfcmVwb3NpdG9yeSI6Imh0dHBzOi8vZ2l0aHViLmNvbS9TQ1B2Mi9jZXdlYi5naXQiLCJzc2xfZW5hYmxlZCI6ImZhbHNlIn0sIl92YXJpYWJsZV9jbGFzc2lmaWNhdGlvbiI6eyJkZXNjcmlwdGlvbiI6ImNld2ViIGFwcGxpY2F0aW9uIHZhcmlhYmxlIGNsYXNzaWZpY2F0aW9uIHN5c3RlbSIsImNhdGVnb3JpZXMiOnsidXNlcl9pbnB1dCI6IlZhcmlhYmxlcyB0aGF0IHVzZXJzIGlucHV0IGludGVyYWN0aXZlbHkgZHVyaW5nIGRlcGxveW1lbnQiLCJ0ZXJyYWZvcm1faW5mcmEiOiJWYXJpYWJsZXMgdXNlZCBieSB0ZXJyYWZvcm0gZm9yIGluZnJhc3RydWN0dXJlIGRlcGxveW1lbnQiLCJjZXdlYl9yZXF1aXJlZCI6IlZhcmlhYmxlcyByZXF1aXJlZCBieSBjZXdlYiBhcHBsaWNhdGlvbiBmb3IgYnVzaW5lc3MgbG9naWMgYW5kIGRhdGFiYXNlIGNvbm5lY3Rpb25zIn19LCJ0ZXJyYWZvcm1faW5mcmFfdmFyaWFibGVzIjp7ImRiX2lwMiI6IjEwLjEuMy4zMyIsIl9zb3VyY2UiOiJ2YXJpYWJsZXMudGYgVEVSUkFGT1JNX0lORlJBIGNhdGVnb3J5IiwiX2NvbW1lbnQiOiJWYXJpYWJsZXMgdXNlZCBieSB0ZXJyYWZvcm0gZm9yIGluZnJhc3RydWN0dXJlIGRlcGxveW1lbnQifX0KQ09ORklHX0VPRgogICAgY2hvd24gcm9ja3k6cm9ja3kgL2hvbWUvcm9ja3kvbWFzdGVyX2NvbmZpZy5qc29uCiAgICBjaG1vZCA2NDQgL2hvbWUvcm9ja3kvbWFzdGVyX2NvbmZpZy5qc29uCiAgICBzdWRvIC11IHJvY2t5IG1rZGlyIC1wIC9ob21lL3JvY2t5L2Nld2ViL3dlYi1zZXJ2ZXIKICAgIGNwIC9ob21lL3JvY2t5L21hc3Rlcl9jb25maWcuanNvbiAvaG9tZS9yb2NreS9jZXdlYi93ZWItc2VydmVyLwogICAgY2hvd24gcm9ja3k6cm9ja3kgL2hvbWUvcm9ja3kvY2V3ZWIvd2ViLXNlcnZlci9tYXN0ZXJfY29uZmlnLmpzb24KICAgIGpxIC4gL2hvbWUvcm9ja3kvbWFzdGVyX2NvbmZpZy5qc29uID4vZGV2L251bGwgfHwgZXhpdCAxCiAgICBlY2hvICLinIUgQ29uZmlnIGluamVjdGVkIgp9CgojIE1vZHVsZSA0ICYgNTogQXBwbGljYXRpb24gSW5zdGFsbCBhbmQgVmVyaWZpY2F0aW9uIChTZXJ2ZXItc3BlY2lmaWMgLSB3aWxsIGJlIGluamVjdGVkKQojIAojIFRoaXMgc2VjdGlvbiB3aWxsIGJlIGR5bmFtaWNhbGx5IHJlcGxhY2VkIGJ5IHVzZXJkYXRhX21hbmFnZXIucHMxIHdpdGggc2VydmVyLXNwZWNpZmljIGNvbnRlbnQ6CiMgLSBGb3IgV0VCIHNlcnZlcnM6IHdlYl9zZXJ2ZXJfbW9kdWxlLnNoIChOZ2lueCwgc3RhdGljIGZpbGUgc2VydmluZykKIyAtIEZvciBBUFAgc2VydmVyczogYXBwX3NlcnZlcl9tb2R1bGUuc2ggKE5vZGUuanMsIFBNMiwgQVBJIHNlcnZlcikKIyAtIEZvciBEQiBzZXJ2ZXJzOiAgZGJfc2VydmVyX21vZHVsZS5zaCAoUG9zdGdyZVNRTCBWTSBpbnN0YWxsYXRpb24pCiMgICAgICAgICAgICAgICAgICAgIE5vdGU6IE9ubHkgdXNlZCBpbiBWTS1iYXNlZCBEQiBzY2VuYXJpb3MgKGRhdGFiYXNlX3NlcnZpY2UpCiMgICAgICAgICAgICAgICAgICAgIERCYWFTIHNjZW5hcmlvcyAob2JqZWN0X3N0b3JhZ2UpIHNraXAgREIgc2VydmVyIGluc3RhbGxhdGlvbgojCiMgRWFjaCBtb2R1bGUgY29udGFpbnMgYm90aCBhcHBfaW5zdGFsbCgpIGFuZCB2ZXJpZnlfaW5zdGFsbCgpIGZ1bmN0aW9ucwojIEN1c3RvbTogQ29weSBpbmRleF9ub2RiLmh0bWwgdG8gaW5kZXguaHRtbCBmb3Igbm8tZGF0YWJhc2Ugc2V0dXAKY3VzdG9tX3dlYl9zZXR1cCgpIHsKICAgIGVjaG8gIltDdXN0b21dIFNldHRpbmcgdXAgbm8tZGF0YWJhc2Ugd2ViIGNvbmZpZ3VyYXRpb24uLi4iCiAgICBpZiBbIC1mIC9ob21lL3JvY2t5L2Nld2ViL2luZGV4X25vZGIuaHRtbCBdOyB0aGVuCiAgICAgICAgZWNobyAiQ29weWluZyBpbmRleF9ub2RiLmh0bWwgdG8gaW5kZXguaHRtbC4uLiIKICAgICAgICBjcCAvaG9tZS9yb2NreS9jZXdlYi9pbmRleF9ub2RiLmh0bWwgL2hvbWUvcm9ja3kvY2V3ZWIvaW5kZXguaHRtbAogICAgICAgIGNob3duIHJvY2t5OnJvY2t5IC9ob21lL3JvY2t5L2Nld2ViL2luZGV4Lmh0bWwKICAgICAgICBlY2hvICLinIUgaW5kZXguaHRtbCByZXBsYWNlZCB3aXRoIGluZGV4X25vZGIuaHRtbCIKICAgIGVsc2UKICAgICAgICBlY2hvICJpbmRleF9ub2RiLmh0bWwgbm90IGZvdW5kLCB1c2luZyBkZWZhdWx0IGluZGV4Lmh0bWwiCiAgICBmaQp9CgojIFdlYiBTZXJ2ZXIgQXBwbGljYXRpb24gSW5zdGFsbCBNb2R1bGUKYXBwX2luc3RhbGwoKSB7CiAgICBlY2hvICJbNC81XSBXZWIgc2VydmVyIGluc3RhbGwuLi4iCiAgICAKICAgICMgSW5zdGFsbCBOZ2lueAogICAgZG5mIGluc3RhbGwgLXkgbmdpbngKICAgIHN5c3RlbWN0bCBzdGFydCBuZ2lueCAmJiBzeXN0ZW1jdGwgZW5hYmxlIG5naW54CiAgICAKICAgICMgQ3JlYXRlIHdlYiBkaXJlY3RvcmllcyB3aXRoIHByb3BlciBwZXJtaXNzaW9ucwogICAgV0VCX0RJUj0iL2hvbWUvcm9ja3kvY2V3ZWIiCiAgICBzdWRvIC11IHJvY2t5IG1rZGlyIC1wICRXRUJfRElSL3ttZWRpYS9pbWcsZmlsZXMvYXVkaXRpb259CiAgICBjaG93biAtUiByb2NreTpyb2NreSAkV0VCX0RJUgogICAgY2htb2QgLVIgNzU1ICRXRUJfRElSCiAgICAKICAgICMgU2V0IGhvbWUgZGlyZWN0b3J5IHBlcm1pc3Npb25zIChjcml0aWNhbCBmb3IgTmdpbnggYWNjZXNzKQogICAgY2htb2QgNzU1IC9ob21lL3JvY2t5CiAgICAKICAgICMgU0VMaW51eCBjb25maWd1cmF0aW9uIGZvciBob21lIGRpcmVjdG9yeSBhY2Nlc3MKICAgIGlmIGNvbW1hbmQgLXYgZ2V0ZW5mb3JjZSA+L2Rldi9udWxsIDI+JjEgJiYgWyAiJChnZXRlbmZvcmNlKSIgIT0gIkRpc2FibGVkIiBdOyB0aGVuCiAgICAgICAgZWNobyAiU2V0dGluZyBTRUxpbnV4IGNvbnRleHRzIGZvciB3ZWIgZGlyZWN0b3J5Li4uIgogICAgICAgIAogICAgICAgICMgU2V0IHByb3BlciBTRUxpbnV4IGNvbnRleHQgZm9yIHdlYiBjb250ZW50CiAgICAgICAgc2VtYW5hZ2UgZmNvbnRleHQgLWEgLXQgaHR0cGRfZXhlY190ICIkV0VCX0RJUigvLiopPyIgMj4vZGV2L251bGwgfHwgdHJ1ZQogICAgICAgIHNlbWFuYWdlIGZjb250ZXh0IC1hIC10IGh0dHBkX2V4ZWNfdCAiJFdFQl9ESVIvbWVkaWEoLy4qKT8iIDI+L2Rldi9udWxsIHx8IHRydWUgIAogICAgICAgIHNlbWFuYWdlIGZjb250ZXh0IC1hIC10IGh0dHBkX2V4ZWNfdCAiJFdFQl9ESVIvZmlsZXMoLy4qKT8iIDI+L2Rldi9udWxsIHx8IHRydWUKICAgICAgICByZXN0b3JlY29uIC1SdiAkV0VCX0RJUiAyPi9kZXYvbnVsbCB8fCB0cnVlCiAgICAgICAgCiAgICAgICAgIyBFbmFibGUgaG9tZSBkaXJlY3RvcnkgYWNjZXNzCiAgICAgICAgc2V0c2Vib29sIC1QIGh0dHBkX2VuYWJsZV9ob21lZGlycyAxIDI+L2Rldi9udWxsIHx8IHRydWUKICAgICAgICAKICAgICAgICAjIEVuYWJsZSBORlMgZmlsZSBhY2Nlc3MgKGZvciB2YXJpb3VzIGZpbGUgY29udGV4dHMpCiAgICAgICAgc2V0c2Vib29sIC1QIGh0dHBkX3VzZV9uZnMgMSAyPi9kZXYvbnVsbCB8fCB0cnVlCiAgICBmaQogICAgCiAgICAjIExvYWQgbWFzdGVyIGNvbmZpZyBhbmQgZXh0cmFjdCB2YXJpYWJsZXMKICAgIE1BU1RFUl9DT05GSUc9Ii9ob21lL3JvY2t5L2Nld2ViL3dlYi1zZXJ2ZXIvbWFzdGVyX2NvbmZpZy5qc29uIgogICAgUFJJVkFURV9ET01BSU49JChqcSAtciAnLnVzZXJfaW5wdXRfdmFyaWFibGVzLnByaXZhdGVfZG9tYWluX25hbWUgLy8gImNlc3ZjLm5ldCInICRNQVNURVJfQ09ORklHKQogICAgUFVCTElDX0RPTUFJTj0kKGpxIC1yICcudXNlcl9pbnB1dF92YXJpYWJsZXMucHVibGljX2RvbWFpbl9uYW1lIC8vICJjcmVhdGl2ZS1lbmVyZ3kubmV0IicgJE1BU1RFUl9DT05GSUcpCiAgICBBUFBfUE9SVD0kKGpxIC1yICcuY2V3ZWJfcmVxdWlyZWRfdmFyaWFibGVzLmFwcF9zZXJ2ZXJfcG9ydCAvLyAiMzAwMCInICRNQVNURVJfQ09ORklHKQogICAgCiAgICAjIENyZWF0ZSBOZ2lueCBjb25maWd1cmF0aW9uCiAgICBjYXQgPiAvZXRjL25naW54L2NvbmYuZC9jcmVhdGl2ZS1lbmVyZ3kuY29uZiA8PCBFT0YKc2VydmVyIHsKICAgIGxpc3RlbiA4MCBkZWZhdWx0X3NlcnZlcjsKICAgIHNlcnZlcl9uYW1lIHd3dy4kUFJJVkFURV9ET01BSU4gd3d3LiRQVUJMSUNfRE9NQUlOIGxvY2FsaG9zdDsKICAgIGNsaWVudF9tYXhfYm9keV9zaXplIDEwME07CiAgICAKICAgIGxvY2F0aW9uIC8gewogICAgICAgIHJvb3QgL2hvbWUvcm9ja3kvY2V3ZWI7CiAgICAgICAgaW5kZXggaW5kZXguaHRtbDsKICAgICAgICB0cnlfZmlsZXMgXCR1cmkgXCR1cmkvIC9pbmRleC5odG1sOwogICAgfQogICAgCiAgICBsb2NhdGlvbiAvYXBpLyB7CiAgICAgICAgcHJveHlfcGFzcyBodHRwOi8vYXBwLiRQUklWQVRFX0RPTUFJTjokQVBQX1BPUlQ7CiAgICAgICAgcHJveHlfc2V0X2hlYWRlciBIb3N0IFwkaG9zdDsKICAgICAgICBwcm94eV9zZXRfaGVhZGVyIFgtUmVhbC1JUCBcJHJlbW90ZV9hZGRyOwogICAgfQogICAgCiAgICBsb2NhdGlvbiAvaGVhbHRoIHsKICAgICAgICBwcm94eV9wYXNzIGh0dHA6Ly9hcHAuJFBSSVZBVEVfRE9NQUlOOiRBUFBfUE9SVC9oZWFsdGg7CiAgICAgICAgcHJveHlfY29ubmVjdF90aW1lb3V0IDVzOwogICAgfQp9CkVPRgogICAgCiAgICAjIFNFTGludXggY29uZmlndXJhdGlvbiBmb3IgT3BlblN0YWNrCiAgICBpZiBjb21tYW5kIC12IHNldHNlYm9vbCA+L2Rldi9udWxsIDI+JjE7IHRoZW4KICAgICAgICBzZXRzZWJvb2wgLVAgaHR0cGRfcmVhZF91c2VyX2NvbnRlbnQgMSAyPi9kZXYvbnVsbCB8fCB0cnVlCiAgICAgICAgc2V0c2Vib29sIC1QIGh0dHBkX2Nhbl9uZXR3b3JrX2Nvbm5lY3QgMSAyPi9kZXYvbnVsbCB8fCB0cnVlCiAgICBmaQogICAgCiAgICAjIERpc2FibGUgZGVmYXVsdCBzZXJ2ZXIgYmxvY2sgKHByZXZlbnRzIFJvY2t5IExpbnV4IHRlc3QgcGFnZSkKICAgIGNwIC9ldGMvbmdpbngvbmdpbnguY29uZiAvZXRjL25naW54L25naW54LmNvbmYuYmFja3VwCiAgICBzZWQgLWkgJy9eICAgIHNlcnZlciB7LywvXiAgICB9L3MvXi8jLycgL2V0Yy9uZ2lueC9uZ2lueC5jb25mCiAgICAKICAgICMgVGVzdCBuZ2lueCBjb25maWd1cmF0aW9uIGFuZCByZXN0YXJ0CiAgICBuZ2lueCAtdCAmJiBzeXN0ZW1jdGwgcmVzdGFydCBuZ2lueAogICAgCiAgICAjIFdhaXQgZm9yIGFwcCBzZXJ2ZXIgdG8gYmUgYXZhaWxhYmxlCiAgICBlY2hvICJDaGVja2luZyBhcHAgc2VydmVyIGNvbm5lY3Rpdml0eS4uLiIKICAgIGZvciBpIGluIHsxLi4yMH07IGRvCiAgICAgICAgaWYgY3VybCAtZiAtLWNvbm5lY3QtdGltZW91dCAzIGh0dHA6Ly9hcHAuJFBSSVZBVEVfRE9NQUlOOiRBUFBfUE9SVC9oZWFsdGggPi9kZXYvbnVsbCAyPiYxOyB0aGVuCiAgICAgICAgICAgIGVjaG8gIuKchSBBcHAgc2VydmVyIGNvbm5lY3Rpb24gdmVyaWZpZWQiCiAgICAgICAgICAgIGJyZWFrCiAgICAgICAgZWxpZiBbICRpIC1lcSAyMCBdOyB0aGVuCiAgICAgICAgICAgIGVjaG8gIuKaoO+4jyAgQXBwIHNlcnZlciBub3QgcmVzcG9uZGluZywgYnV0IHdlYiBzZXJ2ZXIgY29uZmlndXJlZCIKICAgICAgICAgICAgYnJlYWsKICAgICAgICBlbHNlCiAgICAgICAgICAgIGVjaG8gIkF0dGVtcHQgJGkvMjA6IEFwcCBzZXJ2ZXIgbm90IHJlYWR5LCB3YWl0aW5nIDVzLi4uIgogICAgICAgICAgICBzbGVlcCA1CiAgICAgICAgZmkKICAgIGRvbmUKICAgIAogICAgZWNobyAi4pyFIFdlYiBzZXJ2ZXIgaW5zdGFsbGVkIgp9CgojIFdlYiBTZXJ2ZXIgVmVyaWZpY2F0aW9uIE1vZHVsZQp2ZXJpZnlfaW5zdGFsbCgpIHsKICAgIGVjaG8gIls1LzVdIFdlYiB2ZXJpZmljYXRpb24uLi4iCiAgICAKICAgICMgQ2hlY2sgTmdpbnggc3RhdHVzCiAgICBzeXN0ZW1jdGwgaXMtYWN0aXZlIG5naW54IHx8IGV4aXQgMQogICAgCiAgICAjIENoZWNrIHBvcnQgODAKICAgIG5ldHN0YXQgLXRsbnAgfCBncmVwIDo4MCB8fCBleGl0IDEKICAgIAogICAgIyBUZXN0IHdlYiBzZXJ2ZXIgcmVzcG9uc2Ugd2l0aCB0aW1lb3V0IGFuZCByZXRyeQogICAgZm9yIGkgaW4gezEuLjEwfTsgZG8KICAgICAgICBpZiBjdXJsIC1JIC0tY29ubmVjdC10aW1lb3V0IDUgaHR0cDovL2xvY2FsaG9zdC8gPi9kZXYvbnVsbCAyPiYxOyB0aGVuCiAgICAgICAgICAgIGVjaG8gIuKchSBXZWIgc2VydmVyIHJlc3BvbmRpbmciCiAgICAgICAgICAgIGJyZWFrCiAgICAgICAgZWxpZiBbICRpIC1lcSAxMCBdOyB0aGVuCiAgICAgICAgICAgIGVjaG8gIuKaoO+4jyAgV2ViIHNlcnZlciB0aW1lb3V0LCBidXQgcHJvY2VlZGluZyIKICAgICAgICAgICAgYnJlYWsKICAgICAgICBlbHNlCiAgICAgICAgICAgIGVjaG8gIkF0dGVtcHQgJGkvMTA6IFdlYiBzZXJ2ZXIgbm90IHJlYWR5LCB3YWl0aW5nIDNzLi4uIgogICAgICAgICAgICBzbGVlcCAzCiAgICAgICAgZmkKICAgIGRvbmUKICAgIAogICAgZWNobyAi4pyFIFdlYiBzZXJ2ZXIgdmVyaWZpZWQiCn0KCiMgTW9kdWxlIDY6IExvY2FsIEROUyBDbGVhbnVwCmxvY2FsX2Ruc19jbGVhbnVwKCkgewogICAgZWNobyAiWzYvNl0gTG9jYWwgRE5TIFJlc29sdXRpb24gY2xlYW51cC4uLiIKICAgIAogICAgIyBSZW1vdmUgU0NQdjIgdGVtcG9yYXJ5IEROUyBtYXBwaW5ncyBmcm9tIC9ldGMvaG9zdHMKICAgIHN1ZG8gc2VkIC1pICcvIyA9PT0gU0NQdjIgVGVtcG9yYXJ5IEROUyBNYXBwaW5ncyA9PT0vLC8jID09PSBFbmQgU0NQdjIgTWFwcGluZ3MgPT09L2QnIC9ldGMvaG9zdHMKICAgIAogICAgZWNobyAi4pyFIExvY2FsIEROUyBtYXBwaW5ncyBjbGVhbmVkIHVwIGZyb20gL2V0Yy9ob3N0cyIKfQoKIyBNYWluIGV4ZWN1dGlvbgptYWluKCkgewogICAgbG9jYWxfZG5zX3NldHVwCiAgICBzeXNfdXBkYXRlCiAgICByZXBvX2Nsb25lCiAgICBjb25maWdfaW5qZWN0CiAgICBhcHBfaW5zdGFsbAogICAgIyBDdXN0b20gd2ViIHNldHVwIGZvciB3ZWIgc2VydmVycyAoaWYgZnVuY3Rpb24gZXhpc3RzKQogICAgaWYgWyAiJFNFUlZFUl9UWVBFIiA9ICJ3ZWIiIF0gJiYgdHlwZSBjdXN0b21fd2ViX3NldHVwID4vZGV2L251bGwgMj4mMTsgdGhlbgogICAgICAgIGN1c3RvbV93ZWJfc2V0dXAKICAgIGZpCiAgICB2ZXJpZnlfaW5zdGFsbAogICAgbG9jYWxfZG5zX2NsZWFudXAKICAgIGVjaG8gIiR7U0VSVkVSX1RZUEVefSByZWFkeTogJChkYXRlKSIgPiAvaG9tZS9yb2NreS8ke1NFUlZFUl9UWVBFXn1fUmVhZHkubG9nCiAgICBlY2hvICI9PT0gJHtTRVJWRVJfVFlQRV59IEluaXQgQ29tcGxldGU6ICQoZGF0ZSkgPT09Igp9CgptYWlu",
            "vpc_id": "c038b9d10481454cb88ba67ca62716a6"
          },
          "sensitive_attributes": [],
          "dependencies": [
            "data.samsungcloudplatformv2_virtualserver_images.rocky",
            "data.samsungcloudplatformv2_virtualserver_keypair.kp",
            "samsungcloudplatformv2_security_group_security_group.web_sg",
            "samsungcloudplatformv2_security_group_security_group_rule.web_http_in_sg",
            "samsungcloudplatformv2_security_group_security_group_rule.web_http_out_sg",
            "samsungcloudplatformv2_security_group_security_group_rule.web_https_out_sg",
            "samsungcloudplatformv2_security_group_security_group_rule.web_ssh_in_sg",
            "samsungcloudplatformv2_vpc_internet_gateway.igw",
            "samsungcloudplatformv2_vpc_nat_gateway.web_natgateway",
            "samsungcloudplatformv2_vpc_publicip.nat_public_ip",
            "samsungcloudplatformv2_vpc_publicip.web_public_ip",
            "samsungcloudplatformv2_vpc_subnet.web_subnet",
            "samsungcloudplatformv2_vpc_vpc.vpc"
          ]
        }
      ]
    },
    {
      "mode": "managed",
      "type": "samsungcloudplatformv2_vpc_internet_gateway",
      "name": "igw",
      "provider": "provider[\"registry.terraform.io/samsungsdscloud/samsungcloudplatformv2\"]",
      "instances": [
        {
          "schema_version": 0,
          "attributes": {
            "description": null,
            "firewall_enabled": true,
            "firewall_loggable": false,
            "id": "85d36cfacded4727bc3e5db4016990e9",
            "internet_gateway": {
              "account_id": "89097ddf09b84d96af496aded95dac29",
              "created_at": "2025-10-14T05:00:25Z",
              "created_by": "8a2a7ed6cc8045bbb53bbd91c01b592e",
              "description": "",
              "firewall_id": "c872c2d20c6a4feca9eff3c1912a271c",
              "id": "85d36cfacded4727bc3e5db4016990e9",
              "loggable": false,
              "modified_at": "2025-10-14T05:00:39Z",
              "modified_by": "8a2a7ed6cc8045bbb53bbd91c01b592e",
              "name": "IGW_VPC1",
              "state": "ACTIVE",
              "type": "IGW",
              "vpc_id": "c038b9d10481454cb88ba67ca62716a6",
              "vpc_name": "VPC1"
            },
            "loggable": null,
            "tags": {
              "createdby": "terraform",
              "name": "advance_lab"
            },
            "type": "IGW",
            "vpc_id": "c038b9d10481454cb88ba67ca62716a6"
          },
          "sensitive_attributes": [],
          "dependencies": [
            "samsungcloudplatformv2_vpc_vpc.vpc"
          ]
        }
      ]
    },
    {
      "mode": "managed",
      "type": "samsungcloudplatformv2_vpc_nat_gateway",
      "name": "web_natgateway",
      "provider": "provider[\"registry.terraform.io/samsungsdscloud/samsungcloudplatformv2\"]",
      "instances": [
        {
          "schema_version": 0,
          "attributes": {
            "description": "NAT for web",
            "id": "6fa1217625e14699bb5bcaafdf16cbe9",
            "nat_gateway": {
              "account_id": "89097ddf09b84d96af496aded95dac29",
              "created_at": "2025-10-14T05:02:30Z",
              "created_by": "8a2a7ed6cc8045bbb53bbd91c01b592e",
              "description": "NAT for web",
              "id": "6fa1217625e14699bb5bcaafdf16cbe9",
              "modified_at": "2025-10-14T05:02:39Z",
              "modified_by": "8a2a7ed6cc8045bbb53bbd91c01b592e",
              "name": "NAT_GW_WebSubnet",
              "nat_gateway_ip_address": "123.41.145.181",
              "state": "ACTIVE",
              "subnet_cidr": "10.1.1.0/24",
              "subnet_id": "ab3e70aa553f4efbb2524ff70db6a585",
              "subnet_name": "WebSubnet",
              "vpc_id": "c038b9d10481454cb88ba67ca62716a6",
              "vpc_name": "VPC1"
            },
            "publicip_id": "443329c7bdd74f439ba28962db801663",
            "subnet_id": "ab3e70aa553f4efbb2524ff70db6a585",
            "tags": {
              "createdby": "terraform",
              "name": "advance_lab"
            }
          },
          "sensitive_attributes": [],
          "dependencies": [
            "samsungcloudplatformv2_security_group_security_group.web_sg",
            "samsungcloudplatformv2_vpc_internet_gateway.igw",
            "samsungcloudplatformv2_vpc_publicip.nat_public_ip",
            "samsungcloudplatformv2_vpc_subnet.web_subnet",
            "samsungcloudplatformv2_vpc_vpc.vpc"
          ]
        }
      ]
    },
    {
      "mode": "managed",
      "type": "samsungcloudplatformv2_vpc_publicip",
      "name": "nat_public_ip",
      "provider": "provider[\"registry.terraform.io/samsungsdscloud/samsungcloudplatformv2\"]",
      "instances": [
        {
          "schema_version": 0,
          "attributes": {
            "description": "Public IP for NAT Gateway",
            "id": "443329c7bdd74f439ba28962db801663",
            "publicip": {
              "account_id": "89097ddf09b84d96af496aded95dac29",
              "attached_resource_id": null,
              "attached_resource_name": null,
              "attached_resource_type": null,
              "created_at": "2025-10-14T05:02:29Z",
              "created_by": "8a2a7ed6cc8045bbb53bbd91c01b592e",
              "description": "Public IP for NAT Gateway",
              "id": null,
              "ip_address": "123.41.145.181",
              "modified_at": "2025-10-14T05:02:29Z",
              "modified_by": "8a2a7ed6cc8045bbb53bbd91c01b592e",
              "state": "RESERVED",
              "type": "IGW"
            },
            "tags": null,
            "type": "IGW"
          },
          "sensitive_attributes": [],
          "dependencies": [
            "samsungcloudplatformv2_vpc_internet_gateway.igw",
            "samsungcloudplatformv2_vpc_subnet.web_subnet",
            "samsungcloudplatformv2_vpc_vpc.vpc"
          ]
        }
      ]
    },
    {
      "mode": "managed",
      "type": "samsungcloudplatformv2_vpc_publicip",
      "name": "web_public_ip",
      "provider": "provider[\"registry.terraform.io/samsungsdscloud/samsungcloudplatformv2\"]",
      "instances": [
        {
          "schema_version": 0,
          "attributes": {
            "description": "Public IP for Web Server",
            "id": "8c71dc09bc994306adfbea7eef6fa45c",
            "publicip": {
              "account_id": "89097ddf09b84d96af496aded95dac29",
              "attached_resource_id": null,
              "attached_resource_name": null,
              "attached_resource_type": null,
              "created_at": "2025-10-14T05:02:29Z",
              "created_by": "8a2a7ed6cc8045bbb53bbd91c01b592e",
              "description": "Public IP for Web Server",
              "id": null,
              "ip_address": "123.41.147.186",
              "modified_at": "2025-10-14T05:02:29Z",
              "modified_by": "8a2a7ed6cc8045bbb53bbd91c01b592e",
              "state": "RESERVED",
              "type": "IGW"
            },
            "tags": null,
            "type": "IGW"
          },
          "sensitive_attributes": [],
          "dependencies": [
            "samsungcloudplatformv2_vpc_internet_gateway.igw",
            "samsungcloudplatformv2_vpc_subnet.web_subnet",
            "samsungcloudplatformv2_vpc_vpc.vpc"
          ]
        }
      ]
    },
    {
      "mode": "managed",
      "type": "samsungcloudplatformv2_vpc_subnet",
      "name": "web_subnet",
      "provider": "provider[\"registry.terraform.io/samsungsdscloud/samsungcloudplatformv2\"]",
      "instances": [
        {
          "schema_version": 0,
          "attributes": {
            "account_id": "89097ddf09b84d96af496aded95dac29",
            "allocation_pools": null,
            "cidr": "10.1.1.0/24",
            "created_at": "2025-10-14T05:00:52Z",
            "created_by": "8a2a7ed6cc8045bbb53bbd91c01b592e",
            "description": "Web Server Subnet",
            "dns_nameservers": null,
            "gateway_ip_address": "10.1.1.1",
            "host_routes": null,
            "id": "ab3e70aa553f4efbb2524ff70db6a585",
            "modified_at": "2025-10-14T05:02:21Z",
            "modified_by": "8a2a7ed6cc8045bbb53bbd91c01b592e",
            "name": "WebSubnet",
            "state": "ACTIVE",
            "tags": {
              "createdby": "terraform",
              "name": "advance_lab"
            },
            "type": "GENERAL",
            "vpc_id": "c038b9d10481454cb88ba67ca62716a6",
            "vpc_name": "VPC1"
          },
          "sensitive_attributes": [],
          "dependencies": [
            "samsungcloudplatformv2_vpc_internet_gateway.igw",
            "samsungcloudplatformv2_vpc_vpc.vpc"
          ]
        }
      ]
    },
    {
      "mode": "managed",
      "type": "samsungcloudplatformv2_vpc_vpc",
      "name": "vpc",
      "provider": "provider[\"registry.terraform.io/samsungsdscloud/samsungcloudplatformv2\"]",
      "instances": [
        {
          "schema_version": 0,
          "attributes": {
            "cidr": "10.1.0.0/16",
            "description": "Simple Web VPC",
            "id": "c038b9d10481454cb88ba67ca62716a6",
            "name": "VPC1",
            "tags": {
              "createdby": "terraform",
              "name": "advance_lab"
            },
            "vpc": {
              "account_id": "89097ddf09b84d96af496aded95dac29",
              "cidr": "10.1.0.0/16",
              "created_at": "2025-10-14T05:00:23Z",
              "created_by": "8a2a7ed6cc8045bbb53bbd91c01b592e",
              "description": "Simple Web VPC",
              "id": "c038b9d10481454cb88ba67ca62716a6",
              "modified_at": "2025-10-14T05:00:23Z",
              "modified_by": "8a2a7ed6cc8045bbb53bbd91c01b592e",
              "name": "VPC1",
              "state": "ACTIVE"
            }
          },
          "sensitive_attributes": []
        }
      ]
    }
  ],
  "check_results": null
}
